
Microsoft Visual Studio Solution File, Format Version 12.00
# Visual Studio Version 17
VisualStudioVersion = 17.11.35312.102
MinimumVisualStudioVersion = 10.0.40219.1
Project("{8BC9CEB8-8B4A-11D0-8D11-00A0C91BC942}") = "Cola circular", "Cola circular\Cola circular.vcxproj", "{FFE33A38-9A6E-4E5D-A96E-832933A6EBA0}"
EndProject
Global
	GlobalSection(SolutionConfigurationPlatforms) = preSolution
		Debug|x64 = Debug|x64
		Debug|x86 = Debug|x86
		Release|x64 = Release|x64
		Release|x86 = Release|x86
	EndGlobalSection
	GlobalSection(ProjectConfigurationPlatforms) = postSolution
		{FFE33A38-9A6E-4E5D-A96E-832933A6EBA0}.Debug|x64.ActiveCfg = Debug|x64
		{FFE33A38-9A6E-4E5D-A96E-832933A6EBA0}.Debug|x64.Build.0 = Debug|x64
		{FFE33A38-9A6E-4E5D-A96E-832933A6EBA0}.Debug|x86.ActiveCfg = Debug|Win32
		{FFE33A38-9A6E-4E5D-A96E-832933A6EBA0}.Debug|x86.Build.0 = Debug|Win32
		{FFE33A38-9A6E-4E5D-A96E-832933A6EBA0}.Release|x64.ActiveCfg = Release|x64
		{FFE33A38-9A6E-4E5D-A96E-832933A6EBA0}.Release|x64.Build.0 = Release|x64
		{FFE33A38-9A6E-4E5D-A96E-832933A6EBA0}.Release|x86.ActiveCfg = Release|Win32
		{FFE33A38-9A6E-4E5D-A96E-832933A6EBA0}.Release|x86.Build.0 = Release|Win32
	EndGlobalSection
	GlobalSection(SolutionProperties) = preSolution
		HideSolutionNode = FALSE
	EndGlobalSection
	GlobalSection(ExtensibilityGlobals) = postSolution
		SolutionGuid = {D27386E5-4C4C-4EBB-9187-111B7DB5A1C7}
	EndGlobalSection
EndGlobal
